<?xml version="1.0" encoding="utf-8"?>
<Project ToolsVersion="4.0" xmlns="http://schemas.microsoft.com/developer/msbuild/2003">
  <ItemGroup>
    <ClCompile Include="main.cpp" />
    <ClCompile Include="plugins\hello_triangle_plugin.cpp">
      <Filter>plugins\01</Filter>
    </ClCompile>
    <ClCompile Include="plugins\texture_plugin.cpp">
      <Filter>plugins\02</Filter>
    </ClCompile>
    <ClCompile Include="plugins\threed_plugin.cpp">
      <Filter>plugins\03</Filter>
    </ClCompile>
    <ClCompile Include="plugins\plugin.cpp">
      <Filter>plugins</Filter>
    </ClCompile>
    <ClCompile Include="plugins\shader.cpp">
      <Filter>plugins</Filter>
    </ClCompile>
  </ItemGroup>
  <ItemGroup>
    <Filter Include="plugins">
      <UniqueIdentifier>{7ce9df07-ea7c-47a2-b84a-6e97c35bd228}</UniqueIdentifier>
    </Filter>
    <Filter Include="plugins\01">
      <UniqueIdentifier>{4bc9149f-9ea5-4678-9568-4f6152c5ab1b}</UniqueIdentifier>
    </Filter>
    <Filter Include="plugins\02">
      <UniqueIdentifier>{aabacc33-5982-46f7-96e4-2b400305ef9e}</UniqueIdentifier>
    </Filter>
    <Filter Include="plugins\03">
      <UniqueIdentifier>{86ad06fa-32b4-48a5-87c6-216b0a68c309}</UniqueIdentifier>
    </Filter>
  </ItemGroup>
  <ItemGroup>
    <ClInclude Include="plugins\hello_triangle_plugin.h">
      <Filter>plugins\01</Filter>
    </ClInclude>
    <ClInclude Include="plugins\texture_plugin.h">
      <Filter>plugins\02</Filter>
    </ClInclude>
    <ClInclude Include="plugins\threed_plugin.h">
      <Filter>plugins\03</Filter>
    </ClInclude>
    <ClInclude Include="plugins\camera.h">
      <Filter>plugins</Filter>
    </ClInclude>
    <ClInclude Include="plugins\plugin.h">
      <Filter>plugins</Filter>
    </ClInclude>
    <ClInclude Include="plugins\shader.h">
      <Filter>plugins</Filter>
    </ClInclude>
  </ItemGroup>
</Project>